
Microsoft Visual Studio Solution File, Format Version 11.00
# Visual Studio 2010
Project("{FAE04EC0-301F-11D3-BF4B-00C04F79EFBC}") = "login UI modern", "login UI modern\login UI modern.csproj", "{7D4E51B3-B79C-4E40-9B13-FCB5A0078151}"
EndProject
Global
	GlobalSection(SolutionConfigurationPlatforms) = preSolution
		Debug|x86 = Debug|x86
		Release|x86 = Release|x86
	EndGlobalSection
	GlobalSection(ProjectConfigurationPlatforms) = postSolution
		{7D4E51B3-B79C-4E40-9B13-FCB5A0078151}.Debug|x86.ActiveCfg = Debug|x86
		{7D4E51B3-B79C-4E40-9B13-FCB5A0078151}.Debug|x86.Build.0 = Debug|x86
		{7D4E51B3-B79C-4E40-9B13-FCB5A0078151}.Release|x86.ActiveCfg = Release|x86
		{7D4E51B3-B79C-4E40-9B13-FCB5A0078151}.Release|x86.Build.0 = Release|x86
	EndGlobalSection
	GlobalSection(SolutionProperties) = preSolution
		HideSolutionNode = FALSE
	EndGlobalSection
EndGlobal
